// !$*UTF8*$!
{
	archiveVersion = 1;
	classes = {
	};
	objectVersion = 46;
	objects = {

/* Begin PBXBuildFile section */
		1D4C42F51EB63C8B0000B020 /* AppDelegate.swift in Sources */ = {isa = PBXBuildFile; fileRef = 1D4C42F41EB63C8B0000B020 /* AppDelegate.swift */; };
		1D4C42F71EB63C8B0000B020 /* ViewController.swift in Sources */ = {isa = PBXBuildFile; fileRef = 1D4C42F61EB63C8B0000B020 /* ViewController.swift */; };
		1D4C42FA1EB63C8B0000B020 /* Main.storyboard in Resources */ = {isa = PBXBuildFile; fileRef = 1D4C42F81EB63C8B0000B020 /* Main.storyboard */; };
		1D4C42FC1EB63C8B0000B020 /* Assets.xcassets in Resources */ = {isa = PBXBuildFile; fileRef = 1D4C42FB1EB63C8B0000B020 /* Assets.xcassets */; };
		1D4C42FF1EB63C8B0000B020 /* LaunchScreen.storyboard in Resources */ = {isa = PBXBuildFile; fileRef = 1D4C42FD1EB63C8B0000B020 /* LaunchScreen.storyboard */; };
		1D4C43071EB63E570000B020 /* Podfile in Resources */ = {isa = PBXBuildFile; fileRef = 1D4C43061EB63E570000B020 /* Podfile */; };
		1D4C43091EB694E00000B020 /* UserPhotoViewController.swift in Sources */ = {isa = PBXBuildFile; fileRef = 1D4C43081EB694E00000B020 /* UserPhotoViewController.swift */; };
		72E878B60E08E22A0A9CF2AC /* Pods_FacebookLogin.framework in Frameworks */ = {isa = PBXBuildFile; fileRef = 875DEFDC8DF38B8F30E3EDA1 /* Pods_FacebookLogin.framework */; };
/* End PBXBuildFile section */

/* Begin PBXFileReference section */
		1D4C42F11EB63C8B0000B020 /* FacebookLogin.app */ = {isa = PBXFileReference; explicitFileType = wrapper.application; includeInIndex = 0; path = FacebookLogin.app; sourceTree = BUILT_PRODUCTS_DIR; };
		1D4C42F41EB63C8B0000B020 /* AppDelegate.swift */ = {isa = PBXFileReference; lastKnownFileType = sourcecode.swift; path = AppDelegate.swift; sourceTree = "<group>"; };
		1D4C42F61EB63C8B0000B020 /* ViewController.swift */ = {isa = PBXFileReference; lastKnownFileType = sourcecode.swift; path = ViewController.swift; sourceTree = "<group>"; };
		1D4C42F91EB63C8B0000B020 /* Base */ = {isa = PBXFileReference; lastKnownFileType = file.storyboard; name = Base; path = Base.lproj/Main.storyboard; sourceTree = "<group>"; };
		1D4C42FB1EB63C8B0000B020 /* Assets.xcassets */ = {isa = PBXFileReference; lastKnownFileType = folder.assetcatalog; path = Assets.xcassets; sourceTree = "<group>"; };
		1D4C42FE1EB63C8B0000B020 /* Base */ = {isa = PBXFileReference; lastKnownFileType = file.storyboard; name = Base; path = Base.lproj/LaunchScreen.storyboard; sourceTree = "<group>"; };
		1D4C43001EB63C8B0000B020 /* Info.plist */ = {isa = PBXFileReference; lastKnownFileType = text.plist.xml; path = Info.plist; sourceTree = "<group>"; };
		1D4C43061EB63E570000B020 /* Podfile */ = {isa = PBXFileReference; fileEncoding = 4; lastKnownFileType = text; path = Podfile; sourceTree = "<group>"; xcLanguageSpecificationIdentifier = xcode.lang.ruby; };
		1D4C43081EB694E00000B020 /* UserPhotoViewController.swift */ = {isa = PBXFileReference; fileEncoding = 4; lastKnownFileType = sourcecode.swift; path = UserPhotoViewController.swift; sourceTree = "<group>"; };
		875DEFDC8DF38B8F30E3EDA1 /* Pods_FacebookLogin.framework */ = {isa = PBXFileReference; explicitFileType = wrapper.framework; includeInIndex = 0; path = Pods_FacebookLogin.framework; sourceTree = BUILT_PRODUCTS_DIR; };
		9663F5D6DEA9AD073E897E08 /* Pods-FacebookLogin.release.xcconfig */ = {isa = PBXFileReference; includeInIndex = 1; lastKnownFileType = text.xcconfig; name = "Pods-FacebookLogin.release.xcconfig"; path = "Pods/Target Support Files/Pods-FacebookLogin/Pods-FacebookLogin.release.xcconfig"; sourceTree = "<group>"; };
		9B5509FB63301942EA52F2D0 /* Pods-FacebookLogin.debug.xcconfig */ = {isa = PBXFileReference; includeInIndex = 1; lastKnownFileType = text.xcconfig; name = "Pods-FacebookLogin.debug.xcconfig"; path = "Pods/Target Support Files/Pods-FacebookLogin/Pods-FacebookLogin.debug.xcconfig"; sourceTree = "<group>"; };
/* End PBXFileReference section */

/* Begin PBXFrameworksBuildPhase section */
		1D4C42EE1EB63C8B0000B020 /* Frameworks */ = {
			isa = PBXFrameworksBuildPhase;
			buildActionMask = 2147483647;
			files = (
				72E878B60E08E22A0A9CF2AC /* Pods_FacebookLogin.framework in Frameworks */,
			);
			runOnlyForDeploymentPostprocessing = 0;
		};
/* End PBXFrameworksBuildPhase section */

/* Begin PBXGroup section */
		1D4C42E81EB63C8B0000B020 = {
			isa = PBXGroup;
			children = (
				1D4C43061EB63E570000B020 /* Podfile */,
				1D4C42F31EB63C8B0000B020 /* FacebookLogin */,
				1D4C42F21EB63C8B0000B020 /* Products */,
				7DB9CF8573CB6D450067004D /* Pods */,
				94565E91E38D1DBCF1354CD7 /* Frameworks */,
			);
			sourceTree = "<group>";
		};
		1D4C42F21EB63C8B0000B020 /* Products */ = {
			isa = PBXGroup;
			children = (
				1D4C42F11EB63C8B0000B020 /* FacebookLogin.app */,
			);
			name = Products;
			sourceTree = "<group>";
		};
		1D4C42F31EB63C8B0000B020 /* FacebookLogin */ = {
			isa = PBXGroup;
			children = (
				1D4C42F41EB63C8B0000B020 /* AppDelegate.swift */,
				1D4C42F61EB63C8B0000B020 /* ViewController.swift */,
				1D4C43081EB694E00000B020 /* UserPhotoViewController.swift */,
				1D4C42F81EB63C8B0000B020 /* Main.storyboard */,
				1D4C42FB1EB63C8B0000B020 /* Assets.xcassets */,
				1D4C42FD1EB63C8B0000B020 /* LaunchScreen.storyboard */,
				1D4C43001EB63C8B0000B020 /* Info.plist */,
			);
			path = FacebookLogin;
			sourceTree = "<group>";
		};
		7DB9CF8573CB6D450067004D /* Pods */ = {
			isa = PBXGroup;
			children = (
				9B5509FB63301942EA52F2D0 /* Pods-FacebookLogin.debug.xcconfig */,
				9663F5D6DEA9AD073E897E08 /* Pods-FacebookLogin.release.xcconfig */,
			);
			name = Pods;
			sourceTree = "<group>";
		};
		94565E91E38D1DBCF1354CD7 /* Frameworks */ = {
			isa = PBXGroup;
			children = (
				875DEFDC8DF38B8F30E3EDA1 /* Pods_FacebookLogin.framework */,
			);
			name = Frameworks;
			sourceTree = "<group>";
		};
/* End PBXGroup section */

/* Begin PBXNativeTarget section */
		1D4C42F01EB63C8B0000B020 /* FacebookLogin */ = {
			isa = PBXNativeTarget;
			buildConfigurationList = 1D4C43031EB63C8B0000B020 /* Build configuration list for PBXNativeTarget "FacebookLogin" */;
			buildPhases = (
				13EB9BC46BE54FB411DFE73A /* [CP] Check Pods Manifest.lock */,
				1D4C42ED1EB63C8B0000B020 /* Sources */,
				1D4C42EE1EB63C8B0000B020 /* Frameworks */,
				1D4C42EF1EB63C8B0000B020 /* Resources */,
				964D9BB594BC6B2A9E02BB8C /* [CP] Embed Pods Frameworks */,
				CFEB6540CC5E984B71AF6466 /* [CP] Copy Pods Resources */,
			);
			buildRules = (
			);
			dependencies = (
			);
			name = FacebookLogin;
			productName = FacebookLogin;
			productReference = 1D4C42F11EB63C8B0000B020 /* FacebookLogin.app */;
			productType = "com.apple.product-type.application";
		};
/* End PBXNativeTarget section */

/* Begin PBXProject section */
		1D4C42E91EB63C8B0000B020 /* Project object */ = {
			isa = PBXProject;
			attributes = {
				LastSwiftUpdateCheck = 0830;
				LastUpgradeCheck = 0830;
				ORGANIZATIONNAME = "AIS Tech";
				TargetAttributes = {
					1D4C42F01EB63C8B0000B020 = {
						CreatedOnToolsVersion = 8.3;
						DevelopmentTeam = GGLW8Y2AXF;
						ProvisioningStyle = Automatic;
					};
				};
			};
			buildConfigurationList = 1D4C42EC1EB63C8B0000B020 /* Build configuration list for PBXProject "FacebookLogin" */;
			compatibilityVersion = "Xcode 3.2";
			developmentRegion = English;
			hasScannedForEncodings = 0;
			knownRegions = (
				en,
				Base,
			);
			mainGroup = 1D4C42E81EB63C8B0000B020;
			productRefGroup = 1D4C42F21EB63C8B0000B020 /* Products */;
			projectDirPath = "";
			projectRoot = "";
			targets = (
				1D4C42F01EB63C8B0000B020 /* FacebookLogin */,
			);
		};
/* End PBXProject section */

/* Begin PBXResourcesBuildPhase section */
		1D4C42EF1EB63C8B0000B020 /* Resources */ = {
			isa = PBXResourcesBuildPhase;
			buildActionMask = 2147483647;
			files = (
				1D4C42FF1EB63C8B0000B020 /* LaunchScreen.storyboard in Resources */,
				1D4C42FC1EB63C8B0000B020 /* Assets.xcassets in Resources */,
				1D4C43071EB63E570000B020 /* Podfile in Resources */,
				1D4C42FA1EB63C8B0000B020 /* Main.storyboard in Resources */,
			);
			runOnlyForDeploymentPostprocessing = 0;
		};
/* End PBXResourcesBuildPhase section */

/* Begin PBXShellScriptBuildPhase section */
		13EB9BC46BE54FB411DFE73A /* [CP] Check Pods Manifest.lock */ = {
			isa = PBXShellScriptBuildPhase;
			buildActionMask = 2147483647;
			files = (
			);
			inputPaths = (
			);
			name = "[CP] Check Pods Manifest.lock";
			outputPaths = (
			);
			runOnlyForDeploymentPostprocessing = 0;
			shellPath = /bin/sh;
			shellScript = "diff \"${PODS_ROOT}/../Podfile.lock\" \"${PODS_ROOT}/Manifest.lock\" > /dev/null\nif [ $? != 0 ] ; then\n    # print error to STDERR\n    echo \"error: The sandbox is not in sync with the Podfile.lock. Run 'pod install' or update your CocoaPods installation.\" >&2\n    exit 1\nfi\n";
			showEnvVarsInLog = 0;
		};
		964D9BB594BC6B2A9E02BB8C /* [CP] Embed Pods Frameworks */ = {
			isa = PBXShellScriptBuildPhase;
			buildActionMask = 2147483647;
			files = (
			);
			inputPaths = (
			);
			name = "[CP] Embed Pods Frameworks";
			outputPaths = (
			);
			runOnlyForDeploymentPostprocessing = 0;
			shellPath = /bin/sh;
			shellScript = "\"${SRCROOT}/Pods/Target Support Files/Pods-FacebookLogin/Pods-FacebookLogin-frameworks.sh\"\n";
			showEnvVarsInLog = 0;
		};
		CFEB6540CC5E984B71AF6466 /* [CP] Copy Pods Resources */ = {
			isa = PBXShellScriptBuildPhase;
			buildActionMask = 2147483647;
			files = (
			);
			inputPaths = (
			);
			name = "[CP] Copy Pods Resources";
			outputPaths = (
			);
			runOnlyForDeploymentPostprocessing = 0;
			shellPath = /bin/sh;
			shellScript = "\"${SRCROOT}/Pods/Target Support Files/Pods-FacebookLogin/Pods-FacebookLogin-resources.sh\"\n";
			showEnvVarsInLog = 0;
		};
/* End PBXShellScriptBuildPhase section */

/* Begin PBXSourcesBuildPhase section */
		1D4C42ED1EB63C8B0000B020 /* Sources */ = {
			isa = PBXSourcesBuildPhase;
			buildActionMask = 2147483647;
			files = (
				1D4C42F71EB63C8B0000B020 /* ViewController.swift in Sources */,
				1D4C43091EB694E00000B020 /* UserPhotoViewController.swift in Sources */,
				1D4C42F51EB63C8B0000B020 /* AppDelegate.swift in Sources */,
			);
			runOnlyForDeploymentPostprocessing = 0;
		};
/* End PBXSourcesBuildPhase section */

/* Begin PBXVariantGroup section */
		1D4C42F81EB63C8B0000B020 /* Main.storyboard */ = {
			isa = PBXVariantGroup;
			children = (
				1D4C42F91EB63C8B0000B020 /* Base */,
			);
			name = Main.storyboard;
			sourceTree = "<group>";
		};
		1D4C42FD1EB63C8B0000B020 /* LaunchScreen.storyboard */ = {
			isa = PBXVariantGroup;
			children = (
				1D4C42FE1EB63C8B0000B020 /* Base */,
			);
			name = LaunchScreen.storyboard;
			sourceTree = "<group>";
		};
/* End PBXVariantGroup section */

/* Begin XCBuildConfiguration section */
		1D4C43011EB63C8B0000B020 /* Debug */ = {
			isa = XCBuildConfiguration;
			buildSettings = {
				ALWAYS_SEARCH_USER_PATHS = NO;
				CLANG_ANALYZER_NONNULL = YES;
				CLANG_ANALYZER_NUMBER_OBJECT_CONVERSION = YES_AGGRESSIVE;
				CLANG_CXX_LANGUAGE_STANDARD = "gnu++0x";
				CLANG_CXX_LIBRARY = "libc++";
				CLANG_ENABLE_MODULES = YES;
				CLANG_ENABLE_OBJC_ARC = YES;
				CLANG_WARN_BOOL_CONVERSION = YES;
				CLANG_WARN_CONSTANT_CONVERSION = YES;
				CLANG_WARN_DIRECT_OBJC_ISA_USAGE = YES_ERROR;
				CLANG_WARN_DOCUMENTATION_COMMENTS = YES;
				CLANG_WARN_EMPTY_BODY = YES;
				CLANG_WARN_ENUM_CONVERSION = YES;
				CLANG_WARN_INFINITE_RECURSION = YES;
				CLANG_WARN_INT_CONVERSION = YES;
				CLANG_WARN_OBJC_ROOT_CLASS = YES_ERROR;
				CLANG_WARN_SUSPICIOUS_MOVE = YES;
				CLANG_WARN_UNREACHABLE_CODE = YES;
				CLANG_WARN__DUPLICATE_METHOD_MATCH = YES;
				"CODE_SIGN_IDENTITY[sdk=iphoneos*]" = "iPhone Developer";
				COPY_PHASE_STRIP = NO;
				DEBUG_INFORMATION_FORMAT = dwarf;
				ENABLE_STRICT_OBJC_MSGSEND = YES;
				ENABLE_TESTABILITY = YES;
				GCC_C_LANGUAGE_STANDARD = gnu99;
				GCC_DYNAMIC_NO_PIC = NO;
				GCC_NO_COMMON_BLOCKS = YES;
				GCC_OPTIMIZATION_LEVEL = 0;
				GCC_PREPROCESSOR_DEFINITIONS = (
					"DEBUG=1",
					"$(inherited)",
				);
				GCC_WARN_64_TO_32_BIT_CONVERSION = YES;
				GCC_WARN_ABOUT_RETURN_TYPE = YES_ERROR;
				GCC_WARN_UNDECLARED_SELECTOR = YES;
				GCC_WARN_UNINITIALIZED_AUTOS = YES_AGGRESSIVE;
				GCC_WARN_UNUSED_FUNCTION = YES;
				GCC_WARN_UNUSED_VARIABLE = YES;
				IPHONEOS_DEPLOYMENT_TARGET = 10.3;
				MTL_ENABLE_DEBUG_INFO = YES;
				ONLY_ACTIVE_ARCH = YES;
				SDKROOT = iphoneos;
				SWIFT_ACTIVE_COMPILATION_CONDITIONS = DEBUG;
				SWIFT_OPTIMIZATION_LEVEL = "-Onone";
				TARGETED_DEVICE_FAMILY = "1,2";
			};
			name = Debug;
		};
		1D4C43021EB63C8B0000B020 /* Release */ = {
			isa = XCBuildConfiguration;
			buildSettings = {
				ALWAYS_SEARCH_USER_PATHS = NO;
				CLANG_ANALYZER_NONNULL = YES;
				CLANG_ANALYZER_NUMBER_OBJECT_CONVERSION = YES_AGGRESSIVE;
				CLANG_CXX_LANGUAGE_STANDARD = "gnu++0x";
				CLANG_CXX_LIBRARY = "libc++";
				CLANG_ENABLE_MODULES = YES;
				CLANG_ENABLE_OBJC_ARC = YES;
				CLANG_WARN_BOOL_CONVERSION = YES;
				CLANG_WARN_CONSTANT_CONVERSION = YES;
				CLANG_WARN_DIRECT_OBJC_ISA_USAGE = YES_ERROR;
				CLANG_WARN_DOCUMENTATION_COMMENTS = YES;
				CLANG_WARN_EMPTY_BODY = YES;
				CLANG_WARN_ENUM_CONVERSION = YES;
				CLANG_WARN_INFINITE_RECURSION = YES;
				CLANG_WARN_INT_CONVERSION = YES;
				CLANG_WARN_OBJC_ROOT_CLASS = YES_ERROR;
				CLANG_WARN_SUSPICIOUS_MOVE = YES;
				CLANG_WARN_UNREACHABLE_CODE = YES;
				CLANG_WARN__DUPLICATE_METHOD_MATCH = YES;
				"CODE_SIGN_IDENTITY[sdk=iphoneos*]" = "iPhone Developer";
				COPY_PHASE_STRIP = NO;
				DEBUG_INFORMATION_FORMAT = "dwarf-with-dsym";
				ENABLE_NS_ASSERTIONS = NO;
				ENABLE_STRICT_OBJC_MSGSEND = YES;
				GCC_C_LANGUAGE_STANDARD = gnu99;
				GCC_NO_COMMON_BLOCKS = YES;
				GCC_WARN_64_TO_32_BIT_CONVERSION = YES;
				GCC_WARN_ABOUT_RETURN_TYPE = YES_ERROR;
				GCC_WARN_UNDECLARED_SELECTOR = YES;
				GCC_WARN_UNINITIALIZED_AUTOS = YES_AGGRESSIVE;
				GCC_WARN_UNUSED_FUNCTION = YES;
				GCC_WARN_UNUSED_VARIABLE = YES;
				IPHONEOS_DEPLOYMENT_TARGET = 10.3;
				MTL_ENABLE_DEBUG_INFO = NO;
				SDKROOT = iphoneos;
				SWIFT_OPTIMIZATION_LEVEL = "-Owholemodule";
				TARGETED_DEVICE_FAMILY = "1,2";
				VALIDATE_PRODUCT = YES;
			};
			name = Release;
		};
		1D4C43041EB63C8B0000B020 /* Debug */ = {
			isa = XCBuildConfiguration;
			baseConfigurationReference = 9B5509FB63301942EA52F2D0 /* Pods-FacebookLogin.debug.xcconfig */;
			buildSettings = {
				ASSETCATALOG_COMPILER_APPICON_NAME = AppIcon;
				DEVELOPMENT_TEAM = GGLW8Y2AXF;
				INFOPLIST_FILE = FacebookLogin/Info.plist;
				LD_RUNPATH_SEARCH_PATHS = "$(inherited) @executable_path/Frameworks";
				PRODUCT_BUNDLE_IDENTIFIER = br.com.aistech.FacebookLogin;
				PRODUCT_NAME = "$(TARGET_NAME)";
				SWIFT_VERSION = 3.0;
			};
			name = Debug;
		};
		1D4C43051EB63C8B0000B020 /* Release */ = {
			isa = XCBuildConfiguration;
			baseConfigurationReference = 9663F5D6DEA9AD073E897E08 /* Pods-FacebookLogin.release.xcconfig */;
			buildSettings = {
				ASSETCATALOG_COMPILER_APPICON_NAME = AppIcon;
				DEVELOPMENT_TEAM = GGLW8Y2AXF;
				INFOPLIST_FILE = FacebookLogin/Info.plist;
				LD_RUNPATH_SEARCH_PATHS = "$(inherited) @executable_path/Frameworks";
				PRODUCT_BUNDLE_IDENTIFIER = br.com.aistech.FacebookLogin;
				PRODUCT_NAME = "$(TARGET_NAME)";
				SWIFT_VERSION = 3.0;
			};
			name = Release;
		};
/* End XCBuildConfiguration section */

/* Begin XCConfigurationList section */
		1D4C42EC1EB63C8B0000B020 /* Build configuration list for PBXProject "FacebookLogin" */ = {
			isa = XCConfigurationList;
			buildConfigurations = (
				1D4C43011EB63C8B0000B020 /* Debug */,
				1D4C43021EB63C8B0000B020 /* Release */,
			);
			defaultConfigurationIsVisible = 0;
			defaultConfigurationName = Release;
		};
		1D4C43031EB63C8B0000B020 /* Build configuration list for PBXNativeTarget "FacebookLogin" */ = {
			isa = XCConfigurationList;
			buildConfigurations = (
				1D4C43041EB63C8B0000B020 /* Debug */,
				1D4C43051EB63C8B0000B020 /* Release */,
			);
			defaultConfigurationIsVisible = 0;
			defaultConfigurationName = Release;
		};
/* End XCConfigurationList section */
	};
	rootObject = 1D4C42E91EB63C8B0000B020 /* Project object */;
}
